
Microsoft Visual Studio Solution File, Format Version 12.00
# Visual Studio 2013
VisualStudioVersion = 12.0.31101.0
MinimumVisualStudioVersion = 10.0.40219.1
Project("{FAE04EC0-301F-11D3-BF4B-00C04F79EFBC}") = "BookDbSharp", "BookDbSharp\BookDbSharp.csproj", "{CB0CD6F6-99FE-4AEC-A85D-851031DE91A7}"
EndProject
Project("{FAE04EC0-301F-11D3-BF4B-00C04F79EFBC}") = "BookDbSharp.Tests", "BookDbSharp.Tests\BookDbSharp.Tests.csproj", "{90B4BF90-8690-4AE8-AED9-D4F0BA3572A9}"
EndProject
Project("{FAE04EC0-301F-11D3-BF4B-00C04F79EFBC}") = "BookDbSharp.WinForms", "BookDbSharp.WinForms\BookDbSharp.WinForms.csproj", "{4E0877C1-7805-4C62-A577-36FDB02B0D93}"
EndProject
Project("{2150E333-8FDC-42A3-9474-1A3956D46DE8}") = ".nuget", ".nuget", "{8A83742D-CF7A-421F-B794-41D9315E6B0B}"
	ProjectSection(SolutionItems) = preProject
		.nuget\NuGet.Config = .nuget\NuGet.Config
		.nuget\NuGet.exe = .nuget\NuGet.exe
		.nuget\NuGet.targets = .nuget\NuGet.targets
	EndProjectSection
EndProject
Global
	GlobalSection(SolutionConfigurationPlatforms) = preSolution
		Debug|Any CPU = Debug|Any CPU
		Release|Any CPU = Release|Any CPU
	EndGlobalSection
	GlobalSection(ProjectConfigurationPlatforms) = postSolution
		{CB0CD6F6-99FE-4AEC-A85D-851031DE91A7}.Debug|Any CPU.ActiveCfg = Debug|Any CPU
		{CB0CD6F6-99FE-4AEC-A85D-851031DE91A7}.Debug|Any CPU.Build.0 = Debug|Any CPU
		{CB0CD6F6-99FE-4AEC-A85D-851031DE91A7}.Release|Any CPU.ActiveCfg = Release|Any CPU
		{CB0CD6F6-99FE-4AEC-A85D-851031DE91A7}.Release|Any CPU.Build.0 = Release|Any CPU
		{90B4BF90-8690-4AE8-AED9-D4F0BA3572A9}.Debug|Any CPU.ActiveCfg = Debug|Any CPU
		{90B4BF90-8690-4AE8-AED9-D4F0BA3572A9}.Debug|Any CPU.Build.0 = Debug|Any CPU
		{90B4BF90-8690-4AE8-AED9-D4F0BA3572A9}.Release|Any CPU.ActiveCfg = Release|Any CPU
		{90B4BF90-8690-4AE8-AED9-D4F0BA3572A9}.Release|Any CPU.Build.0 = Release|Any CPU
		{4E0877C1-7805-4C62-A577-36FDB02B0D93}.Debug|Any CPU.ActiveCfg = Debug|Any CPU
		{4E0877C1-7805-4C62-A577-36FDB02B0D93}.Debug|Any CPU.Build.0 = Debug|Any CPU
		{4E0877C1-7805-4C62-A577-36FDB02B0D93}.Release|Any CPU.ActiveCfg = Release|Any CPU
		{4E0877C1-7805-4C62-A577-36FDB02B0D93}.Release|Any CPU.Build.0 = Release|Any CPU
	EndGlobalSection
	GlobalSection(SolutionProperties) = preSolution
		HideSolutionNode = FALSE
	EndGlobalSection
EndGlobal
